
Microsoft Visual Studio Solution File, Format Version 12.00
# Visual Studio Version 16
VisualStudioVersion = 16.0.32228.343
MinimumVisualStudioVersion = 10.0.40219.1
Project("{FAE04EC0-301F-11D3-BF4B-00C04F79EFBC}") = "DSFinalProject", "DSFinalProject\DSFinalProject.csproj", "{C0DBD3C5-2E24-4A54-B7E5-E4CF48FACB13}"
EndProject
Global
	GlobalSection(SolutionConfigurationPlatforms) = preSolution
		Debug|Any CPU = Debug|Any CPU
		Release|Any CPU = Release|Any CPU
	EndGlobalSection
	GlobalSection(ProjectConfigurationPlatforms) = postSolution
		{C0DBD3C5-2E24-4A54-B7E5-E4CF48FACB13}.Debug|Any CPU.ActiveCfg = Debug|Any CPU
		{C0DBD3C5-2E24-4A54-B7E5-E4CF48FACB13}.Debug|Any CPU.Build.0 = Debug|Any CPU
		{C0DBD3C5-2E24-4A54-B7E5-E4CF48FACB13}.Release|Any CPU.ActiveCfg = Release|Any CPU
		{C0DBD3C5-2E24-4A54-B7E5-E4CF48FACB13}.Release|Any CPU.Build.0 = Release|Any CPU
	EndGlobalSection
	GlobalSection(SolutionProperties) = preSolution
		HideSolutionNode = FALSE
	EndGlobalSection
	GlobalSection(ExtensibilityGlobals) = postSolution
		SolutionGuid = {CD3C3DC6-757C-47D8-83C6-74285DA519B4}
	EndGlobalSection
EndGlobal
